// !$*UTF8*$!
{
	archiveVersion = 1;
	classes = {
	};
	objectVersion = 46;
	objects = {

/* Begin PBXBuildFile section */
		AD453BE21F1F57260030A45C /* SampleVideo_1280x720_5mb.mp4 in Resources */ = {isa = PBXBuildFile; fileRef = AD453BE11F1F561E0030A45C /* SampleVideo_1280x720_5mb.mp4 */; };
		AD7828691F1E5C1900ED8E61 /* main.m in Sources */ = {isa = PBXBuildFile; fileRef = AD7828681F1E5C1900ED8E61 /* main.m */; };
		AD78286C1F1E5C1900ED8E61 /* AppDelegate.m in Sources */ = {isa = PBXBuildFile; fileRef = AD78286B1F1E5C1900ED8E61 /* AppDelegate.m */; };
		AD78286F1F1E5C1900ED8E61 /* ViewController.m in Sources */ = {isa = PBXBuildFile; fileRef = AD78286E1F1E5C1900ED8E61 /* ViewController.m */; };
		AD7828721F1E5C1900ED8E61 /* Main.storyboard in Resources */ = {isa = PBXBuildFile; fileRef = AD7828701F1E5C1900ED8E61 /* Main.storyboard */; };
		AD7828741F1E5C1900ED8E61 /* Assets.xcassets in Resources */ = {isa = PBXBuildFile; fileRef = AD7828731F1E5C1900ED8E61 /* Assets.xcassets */; };
		AD7828771F1E5C1900ED8E61 /* LaunchScreen.storyboard in Resources */ = {isa = PBXBuildFile; fileRef = AD7828751F1E5C1900ED8E61 /* LaunchScreen.storyboard */; };
/* End PBXBuildFile section */

/* Begin PBXFileReference section */
		AD453BE11F1F561E0030A45C /* SampleVideo_1280x720_5mb.mp4 */ = {isa = PBXFileReference; lastKnownFileType = file; path = SampleVideo_1280x720_5mb.mp4; sourceTree = "<group>"; };
		AD7828641F1E5C1900ED8E61 /* VideoDemo.app */ = {isa = PBXFileReference; explicitFileType = wrapper.application; includeInIndex = 0; path = VideoDemo.app; sourceTree = BUILT_PRODUCTS_DIR; };
		AD7828681F1E5C1900ED8E61 /* main.m */ = {isa = PBXFileReference; lastKnownFileType = sourcecode.c.objc; path = main.m; sourceTree = "<group>"; };
		AD78286A1F1E5C1900ED8E61 /* AppDelegate.h */ = {isa = PBXFileReference; lastKnownFileType = sourcecode.c.h; path = AppDelegate.h; sourceTree = "<group>"; };
		AD78286B1F1E5C1900ED8E61 /* AppDelegate.m */ = {isa = PBXFileReference; lastKnownFileType = sourcecode.c.objc; path = AppDelegate.m; sourceTree = "<group>"; };
		AD78286D1F1E5C1900ED8E61 /* ViewController.h */ = {isa = PBXFileReference; lastKnownFileType = sourcecode.c.h; path = ViewController.h; sourceTree = "<group>"; };
		AD78286E1F1E5C1900ED8E61 /* ViewController.m */ = {isa = PBXFileReference; lastKnownFileType = sourcecode.c.objc; path = ViewController.m; sourceTree = "<group>"; };
		AD7828711F1E5C1900ED8E61 /* Base */ = {isa = PBXFileReference; lastKnownFileType = file.storyboard; name = Base; path = Base.lproj/Main.storyboard; sourceTree = "<group>"; };
		AD7828731F1E5C1900ED8E61 /* Assets.xcassets */ = {isa = PBXFileReference; lastKnownFileType = folder.assetcatalog; path = Assets.xcassets; sourceTree = "<group>"; };
		AD7828761F1E5C1900ED8E61 /* Base */ = {isa = PBXFileReference; lastKnownFileType = file.storyboard; name = Base; path = Base.lproj/LaunchScreen.storyboard; sourceTree = "<group>"; };
		AD7828781F1E5C1900ED8E61 /* Info.plist */ = {isa = PBXFileReference; lastKnownFileType = text.plist.xml; path = Info.plist; sourceTree = "<group>"; };
/* End PBXFileReference section */

/* Begin PBXFrameworksBuildPhase section */
		AD7828611F1E5C1900ED8E61 /* Frameworks */ = {
			isa = PBXFrameworksBuildPhase;
			buildActionMask = 2147483647;
			files = (
			);
			runOnlyForDeploymentPostprocessing = 0;
		};
/* End PBXFrameworksBuildPhase section */

/* Begin PBXGroup section */
		AD78285B1F1E5C1900ED8E61 = {
			isa = PBXGroup;
			children = (
				AD7828661F1E5C1900ED8E61 /* VideoDemo */,
				AD7828651F1E5C1900ED8E61 /* Products */,
			);
			sourceTree = "<group>";
		};
		AD7828651F1E5C1900ED8E61 /* Products */ = {
			isa = PBXGroup;
			children = (
				AD7828641F1E5C1900ED8E61 /* VideoDemo.app */,
			);
			name = Products;
			sourceTree = "<group>";
		};
		AD7828661F1E5C1900ED8E61 /* VideoDemo */ = {
			isa = PBXGroup;
			children = (
				AD78286A1F1E5C1900ED8E61 /* AppDelegate.h */,
				AD78286B1F1E5C1900ED8E61 /* AppDelegate.m */,
				AD78286D1F1E5C1900ED8E61 /* ViewController.h */,
				AD78286E1F1E5C1900ED8E61 /* ViewController.m */,
				AD453BE11F1F561E0030A45C /* SampleVideo_1280x720_5mb.mp4 */,
				AD7828701F1E5C1900ED8E61 /* Main.storyboard */,
				AD7828731F1E5C1900ED8E61 /* Assets.xcassets */,
				AD7828751F1E5C1900ED8E61 /* LaunchScreen.storyboard */,
				AD7828781F1E5C1900ED8E61 /* Info.plist */,
				AD7828671F1E5C1900ED8E61 /* Supporting Files */,
			);
			path = VideoDemo;
			sourceTree = "<group>";
		};
		AD7828671F1E5C1900ED8E61 /* Supporting Files */ = {
			isa = PBXGroup;
			children = (
				AD7828681F1E5C1900ED8E61 /* main.m */,
			);
			name = "Supporting Files";
			sourceTree = "<group>";
		};
/* End PBXGroup section */

/* Begin PBXNativeTarget section */
		AD7828631F1E5C1900ED8E61 /* VideoDemo */ = {
			isa = PBXNativeTarget;
			buildConfigurationList = AD78287B1F1E5C1900ED8E61 /* Build configuration list for PBXNativeTarget "VideoDemo" */;
			buildPhases = (
				AD7828601F1E5C1900ED8E61 /* Sources */,
				AD7828611F1E5C1900ED8E61 /* Frameworks */,
				AD7828621F1E5C1900ED8E61 /* Resources */,
			);
			buildRules = (
			);
			dependencies = (
			);
			name = VideoDemo;
			productName = VideoDemo;
			productReference = AD7828641F1E5C1900ED8E61 /* VideoDemo.app */;
			productType = "com.apple.product-type.application";
		};
/* End PBXNativeTarget section */

/* Begin PBXProject section */
		AD78285C1F1E5C1900ED8E61 /* Project object */ = {
			isa = PBXProject;
			attributes = {
				LastUpgradeCheck = 0830;
				ORGANIZATIONNAME = "Stéphano TELOLAHY";
				TargetAttributes = {
					AD7828631F1E5C1900ED8E61 = {
						CreatedOnToolsVersion = 8.3.3;
						ProvisioningStyle = Manual;
					};
				};
			};
			buildConfigurationList = AD78285F1F1E5C1900ED8E61 /* Build configuration list for PBXProject "VideoDemo" */;
			compatibilityVersion = "Xcode 3.2";
			developmentRegion = English;
			hasScannedForEncodings = 0;
			knownRegions = (
				en,
				Base,
			);
			mainGroup = AD78285B1F1E5C1900ED8E61;
			productRefGroup = AD7828651F1E5C1900ED8E61 /* Products */;
			projectDirPath = "";
			projectRoot = "";
			targets = (
				AD7828631F1E5C1900ED8E61 /* VideoDemo */,
			);
		};
/* End PBXProject section */

/* Begin PBXResourcesBuildPhase section */
		AD7828621F1E5C1900ED8E61 /* Resources */ = {
			isa = PBXResourcesBuildPhase;
			buildActionMask = 2147483647;
			files = (
				AD453BE21F1F57260030A45C /* SampleVideo_1280x720_5mb.mp4 in Resources */,
				AD7828771F1E5C1900ED8E61 /* LaunchScreen.storyboard in Resources */,
				AD7828741F1E5C1900ED8E61 /* Assets.xcassets in Resources */,
				AD7828721F1E5C1900ED8E61 /* Main.storyboard in Resources */,
			);
			runOnlyForDeploymentPostprocessing = 0;
		};
/* End PBXResourcesBuildPhase section */

/* Begin PBXSourcesBuildPhase section */
		AD7828601F1E5C1900ED8E61 /* Sources */ = {
			isa = PBXSourcesBuildPhase;
			buildActionMask = 2147483647;
			files = (
				AD78286F1F1E5C1900ED8E61 /* ViewController.m in Sources */,
				AD78286C1F1E5C1900ED8E61 /* AppDelegate.m in Sources */,
				AD7828691F1E5C1900ED8E61 /* main.m in Sources */,
			);
			runOnlyForDeploymentPostprocessing = 0;
		};
/* End PBXSourcesBuildPhase section */

/* Begin PBXVariantGroup section */
		AD7828701F1E5C1900ED8E61 /* Main.storyboard */ = {
			isa = PBXVariantGroup;
			children = (
				AD7828711F1E5C1900ED8E61 /* Base */,
			);
			name = Main.storyboard;
			sourceTree = "<group>";
		};
		AD7828751F1E5C1900ED8E61 /* LaunchScreen.storyboard */ = {
			isa = PBXVariantGroup;
			children = (
				AD7828761F1E5C1900ED8E61 /* Base */,
			);
			name = LaunchScreen.storyboard;
			sourceTree = "<group>";
		};
/* End PBXVariantGroup section */

/* Begin XCBuildConfiguration section */
		AD7828791F1E5C1900ED8E61 /* Debug */ = {
			isa = XCBuildConfiguration;
			buildSettings = {
				ALWAYS_SEARCH_USER_PATHS = NO;
				CLANG_ANALYZER_NONNULL = YES;
				CLANG_ANALYZER_NUMBER_OBJECT_CONVERSION = YES_AGGRESSIVE;
				CLANG_CXX_LANGUAGE_STANDARD = "gnu++0x";
				CLANG_CXX_LIBRARY = "libc++";
				CLANG_ENABLE_MODULES = YES;
				CLANG_ENABLE_OBJC_ARC = YES;
				CLANG_WARN_BOOL_CONVERSION = YES;
				CLANG_WARN_CONSTANT_CONVERSION = YES;
				CLANG_WARN_DIRECT_OBJC_ISA_USAGE = YES_ERROR;
				CLANG_WARN_DOCUMENTATION_COMMENTS = YES;
				CLANG_WARN_EMPTY_BODY = YES;
				CLANG_WARN_ENUM_CONVERSION = YES;
				CLANG_WARN_INFINITE_RECURSION = YES;
				CLANG_WARN_INT_CONVERSION = YES;
				CLANG_WARN_OBJC_ROOT_CLASS = YES_ERROR;
				CLANG_WARN_SUSPICIOUS_MOVE = YES;
				CLANG_WARN_UNREACHABLE_CODE = YES;
				CLANG_WARN__DUPLICATE_METHOD_MATCH = YES;
				"CODE_SIGN_IDENTITY[sdk=iphoneos*]" = "iPhone Developer";
				COPY_PHASE_STRIP = NO;
				DEBUG_INFORMATION_FORMAT = dwarf;
				ENABLE_STRICT_OBJC_MSGSEND = YES;
				ENABLE_TESTABILITY = YES;
				GCC_C_LANGUAGE_STANDARD = gnu99;
				GCC_DYNAMIC_NO_PIC = NO;
				GCC_NO_COMMON_BLOCKS = YES;
				GCC_OPTIMIZATION_LEVEL = 0;
				GCC_PREPROCESSOR_DEFINITIONS = (
					"DEBUG=1",
					"$(inherited)",
				);
				GCC_WARN_64_TO_32_BIT_CONVERSION = YES;
				GCC_WARN_ABOUT_RETURN_TYPE = YES_ERROR;
				GCC_WARN_UNDECLARED_SELECTOR = YES;
				GCC_WARN_UNINITIALIZED_AUTOS = YES_AGGRESSIVE;
				GCC_WARN_UNUSED_FUNCTION = YES;
				GCC_WARN_UNUSED_VARIABLE = YES;
				IPHONEOS_DEPLOYMENT_TARGET = 10.3;
				MTL_ENABLE_DEBUG_INFO = YES;
				ONLY_ACTIVE_ARCH = YES;
				SDKROOT = iphoneos;
				TARGETED_DEVICE_FAMILY = "1,2";
			};
			name = Debug;
		};
		AD78287A1F1E5C1900ED8E61 /* Release */ = {
			isa = XCBuildConfiguration;
			buildSettings = {
				ALWAYS_SEARCH_USER_PATHS = NO;
				CLANG_ANALYZER_NONNULL = YES;
				CLANG_ANALYZER_NUMBER_OBJECT_CONVERSION = YES_AGGRESSIVE;
				CLANG_CXX_LANGUAGE_STANDARD = "gnu++0x";
				CLANG_CXX_LIBRARY = "libc++";
				CLANG_ENABLE_MODULES = YES;
				CLANG_ENABLE_OBJC_ARC = YES;
				CLANG_WARN_BOOL_CONVERSION = YES;
				CLANG_WARN_CONSTANT_CONVERSION = YES;
				CLANG_WARN_DIRECT_OBJC_ISA_USAGE = YES_ERROR;
				CLANG_WARN_DOCUMENTATION_COMMENTS = YES;
				CLANG_WARN_EMPTY_BODY = YES;
				CLANG_WARN_ENUM_CONVERSION = YES;
				CLANG_WARN_INFINITE_RECURSION = YES;
				CLANG_WARN_INT_CONVERSION = YES;
				CLANG_WARN_OBJC_ROOT_CLASS = YES_ERROR;
				CLANG_WARN_SUSPICIOUS_MOVE = YES;
				CLANG_WARN_UNREACHABLE_CODE = YES;
				CLANG_WARN__DUPLICATE_METHOD_MATCH = YES;
				"CODE_SIGN_IDENTITY[sdk=iphoneos*]" = "iPhone Developer";
				COPY_PHASE_STRIP = NO;
				DEBUG_INFORMATION_FORMAT = "dwarf-with-dsym";
				ENABLE_NS_ASSERTIONS = NO;
				ENABLE_STRICT_OBJC_MSGSEND = YES;
				GCC_C_LANGUAGE_STANDARD = gnu99;
				GCC_NO_COMMON_BLOCKS = YES;
				GCC_WARN_64_TO_32_BIT_CONVERSION = YES;
				GCC_WARN_ABOUT_RETURN_TYPE = YES_ERROR;
				GCC_WARN_UNDECLARED_SELECTOR = YES;
				GCC_WARN_UNINITIALIZED_AUTOS = YES_AGGRESSIVE;
				GCC_WARN_UNUSED_FUNCTION = YES;
				GCC_WARN_UNUSED_VARIABLE = YES;
				IPHONEOS_DEPLOYMENT_TARGET = 10.3;
				MTL_ENABLE_DEBUG_INFO = NO;
				SDKROOT = iphoneos;
				TARGETED_DEVICE_FAMILY = "1,2";
				VALIDATE_PRODUCT = YES;
			};
			name = Release;
		};
		AD78287C1F1E5C1900ED8E61 /* Debug */ = {
			isa = XCBuildConfiguration;
			buildSettings = {
				ASSETCATALOG_COMPILER_APPICON_NAME = AppIcon;
				DEVELOPMENT_TEAM = "";
				INFOPLIST_FILE = VideoDemo/Info.plist;
				LD_RUNPATH_SEARCH_PATHS = "$(inherited) @executable_path/Frameworks";
				PRODUCT_BUNDLE_IDENTIFIER = com.creativegames.VideoDemo;
				PRODUCT_NAME = "$(TARGET_NAME)";
				PROVISIONING_PROFILE_SPECIFIER = "";
			};
			name = Debug;
		};
		AD78287D1F1E5C1900ED8E61 /* Release */ = {
			isa = XCBuildConfiguration;
			buildSettings = {
				ASSETCATALOG_COMPILER_APPICON_NAME = AppIcon;
				DEVELOPMENT_TEAM = "";
				INFOPLIST_FILE = VideoDemo/Info.plist;
				LD_RUNPATH_SEARCH_PATHS = "$(inherited) @executable_path/Frameworks";
				PRODUCT_BUNDLE_IDENTIFIER = com.creativegames.VideoDemo;
				PRODUCT_NAME = "$(TARGET_NAME)";
				PROVISIONING_PROFILE_SPECIFIER = "";
			};
			name = Release;
		};
/* End XCBuildConfiguration section */

/* Begin XCConfigurationList section */
		AD78285F1F1E5C1900ED8E61 /* Build configuration list for PBXProject "VideoDemo" */ = {
			isa = XCConfigurationList;
			buildConfigurations = (
				AD7828791F1E5C1900ED8E61 /* Debug */,
				AD78287A1F1E5C1900ED8E61 /* Release */,
			);
			defaultConfigurationIsVisible = 0;
			defaultConfigurationName = Release;
		};
		AD78287B1F1E5C1900ED8E61 /* Build configuration list for PBXNativeTarget "VideoDemo" */ = {
			isa = XCConfigurationList;
			buildConfigurations = (
				AD78287C1F1E5C1900ED8E61 /* Debug */,
				AD78287D1F1E5C1900ED8E61 /* Release */,
			);
			defaultConfigurationIsVisible = 0;
			defaultConfigurationName = Release;
		};
/* End XCConfigurationList section */
	};
	rootObject = AD78285C1F1E5C1900ED8E61 /* Project object */;
}
